
Microsoft Visual Studio Solution File, Format Version 12.00
# Visual Studio 15
VisualStudioVersion = 15.0.27703.2026
MinimumVisualStudioVersion = 10.0.40219.1
Project("{FAE04EC0-301F-11D3-BF4B-00C04F79EFBC}") = "Lab08-LINQ-in-Manhattan", "Lab08-LINQ-in-Manhattan\Lab08-LINQ-in-Manhattan.csproj", "{015883B5-3FA4-4F51-9A32-85999A53F6CE}"
EndProject
Global
	GlobalSection(SolutionConfigurationPlatforms) = preSolution
		Debug|Any CPU = Debug|Any CPU
		Release|Any CPU = Release|Any CPU
	EndGlobalSection
	GlobalSection(ProjectConfigurationPlatforms) = postSolution
		{015883B5-3FA4-4F51-9A32-85999A53F6CE}.Debug|Any CPU.ActiveCfg = Debug|Any CPU
		{015883B5-3FA4-4F51-9A32-85999A53F6CE}.Debug|Any CPU.Build.0 = Debug|Any CPU
		{015883B5-3FA4-4F51-9A32-85999A53F6CE}.Release|Any CPU.ActiveCfg = Release|Any CPU
		{015883B5-3FA4-4F51-9A32-85999A53F6CE}.Release|Any CPU.Build.0 = Release|Any CPU
	EndGlobalSection
	GlobalSection(SolutionProperties) = preSolution
		HideSolutionNode = FALSE
	EndGlobalSection
	GlobalSection(ExtensibilityGlobals) = postSolution
		SolutionGuid = {FB084ADC-03A4-4A21-9817-64AF519E6A33}
	EndGlobalSection
EndGlobal
